
Microsoft Visual Studio Solution File, Format Version 12.00
# Visual Studio Version 17
VisualStudioVersion = 17.1.32414.318
MinimumVisualStudioVersion = 10.0.40219.1
Project("{9A19103F-16F7-4668-BE54-9A1E7A4F7556}") = "SmartBuildingTests", "SmartBuildingTests\SmartBuildingTests.csproj", "{82DBA8E3-17DC-4AC9-8FE7-AA690C13A483}"
EndProject
Project("{2150E333-8FDC-42A3-9474-1A3956D46DE8}") = "Solution Items", "Solution Items", "{B708FFDD-F6C9-40B2-876B-2B293ED075A3}"
EndProject
Project("{2150E333-8FDC-42A3-9474-1A3956D46DE8}") = "Resources", "Resources", "{4BE935CA-4191-4AB0-9C49-4EAF2C997EFF}"
	ProjectSection(SolutionItems) = preProject
		CO2401 Assessmnet_Brief (2023-24).pdf = CO2401 Assessmnet_Brief (2023-24).pdf
	EndProjectSection
EndProject
Global
	GlobalSection(SolutionConfigurationPlatforms) = preSolution
		Debug|Any CPU = Debug|Any CPU
		Release|Any CPU = Release|Any CPU
	EndGlobalSection
	GlobalSection(ProjectConfigurationPlatforms) = postSolution
		{82DBA8E3-17DC-4AC9-8FE7-AA690C13A483}.Debug|Any CPU.ActiveCfg = Debug|Any CPU
		{82DBA8E3-17DC-4AC9-8FE7-AA690C13A483}.Debug|Any CPU.Build.0 = Debug|Any CPU
		{82DBA8E3-17DC-4AC9-8FE7-AA690C13A483}.Release|Any CPU.ActiveCfg = Release|Any CPU
		{82DBA8E3-17DC-4AC9-8FE7-AA690C13A483}.Release|Any CPU.Build.0 = Release|Any CPU
	EndGlobalSection
	GlobalSection(SolutionProperties) = preSolution
		HideSolutionNode = FALSE
	EndGlobalSection
	GlobalSection(NestedProjects) = preSolution
		{82DBA8E3-17DC-4AC9-8FE7-AA690C13A483} = {B708FFDD-F6C9-40B2-876B-2B293ED075A3}
		{4BE935CA-4191-4AB0-9C49-4EAF2C997EFF} = {B708FFDD-F6C9-40B2-876B-2B293ED075A3}
	EndGlobalSection
	GlobalSection(ExtensibilityGlobals) = postSolution
		SolutionGuid = {1F1CB311-3FB1-45C6-8296-D1B27F0E1E9D}
	EndGlobalSection
EndGlobal
